PODS:
  - TKKeyboardControl (1.0.8)

DEPENDENCIES:
  - TKKeyboardControl (from `..`)

EXTERNAL SOURCES:
  TKKeyboardControl:
    :path: ..

SPEC CHECKSUMS:
  TKKeyboardControl: 32a07ab35fa0540062b22e323776d7fb0a8fb48a

PODFILE CHECKSUM: 120f80282e55b2443943e9836355ef445cfcf97b

COCOAPODS: 1.1.0.rc.2
